
Microsoft Visual Studio Solution File, Format Version 12.00
# Visual Studio Version 17
VisualStudioVersion = 17.14.36414.22 d17.14
MinimumVisualStudioVersion = 10.0.40219.1
Project("{FAE04EC0-301F-11D3-BF4B-00C04F79EFBC}") = "testedemesa", "testedemesa.csproj", "{19441C2E-9DC2-43E3-907E-0A9FD8C68A3C}"
EndProject
Global
	GlobalSection(SolutionConfigurationPlatforms) = preSolution
		Debug|Any CPU = Debug|Any CPU
		Release|Any CPU = Release|Any CPU
	EndGlobalSection
	GlobalSection(ProjectConfigurationPlatforms) = postSolution
		{19441C2E-9DC2-43E3-907E-0A9FD8C68A3C}.Debug|Any CPU.ActiveCfg = Debug|Any CPU
		{19441C2E-9DC2-43E3-907E-0A9FD8C68A3C}.Debug|Any CPU.Build.0 = Debug|Any CPU
		{19441C2E-9DC2-43E3-907E-0A9FD8C68A3C}.Release|Any CPU.ActiveCfg = Release|Any CPU
		{19441C2E-9DC2-43E3-907E-0A9FD8C68A3C}.Release|Any CPU.Build.0 = Release|Any CPU
	EndGlobalSection
	GlobalSection(SolutionProperties) = preSolution
		HideSolutionNode = FALSE
	EndGlobalSection
	GlobalSection(ExtensibilityGlobals) = postSolution
		SolutionGuid = {C6FF911C-CFB9-48A2-A56B-D88325F95B98}
	EndGlobalSection
EndGlobal
