
Microsoft Visual Studio Solution File, Format Version 12.00
# Visual Studio Version 17
VisualStudioVersion = 17.14.36414.22 d17.14
MinimumVisualStudioVersion = 10.0.40219.1
Project("{FAE04EC0-301F-11D3-BF4B-00C04F79EFBC}") = "formulario01", "formulario01.csproj", "{280BECFB-2948-4EDA-BB6E-01A41C240EE8}"
EndProject
Global
	GlobalSection(SolutionConfigurationPlatforms) = preSolution
		Debug|Any CPU = Debug|Any CPU
		Release|Any CPU = Release|Any CPU
	EndGlobalSection
	GlobalSection(ProjectConfigurationPlatforms) = postSolution
		{280BECFB-2948-4EDA-BB6E-01A41C240EE8}.Debug|Any CPU.ActiveCfg = Debug|Any CPU
		{280BECFB-2948-4EDA-BB6E-01A41C240EE8}.Debug|Any CPU.Build.0 = Debug|Any CPU
		{280BECFB-2948-4EDA-BB6E-01A41C240EE8}.Release|Any CPU.ActiveCfg = Release|Any CPU
		{280BECFB-2948-4EDA-BB6E-01A41C240EE8}.Release|Any CPU.Build.0 = Release|Any CPU
	EndGlobalSection
	GlobalSection(SolutionProperties) = preSolution
		HideSolutionNode = FALSE
	EndGlobalSection
	GlobalSection(ExtensibilityGlobals) = postSolution
		SolutionGuid = {A0C2718D-D581-4876-B23C-DCF0E45BBA94}
	EndGlobalSection
EndGlobal
